lockfileVersion: '9.0'

settings:
  autoInstallPeers: true
  excludeLinksFromLockfile: false

importers:

  .:
    dependencies:
      '@alibaba-group/open-code-review':
        specifier: 1.11.1
        version: 1.11.1

packages:

  '@alibaba-group/ocr-darwin-arm64@1.11.1':
    resolution: {integrity: sha512-YTsaO5wshsZMLaZAK+wffruPbPuDkmAZMMDSe5dXxekeUnHB67+/UM3RggmVmUvjwI8H6jhMEQTIkL7w5ugMAg==}
    cpu: [arm64]
    os: [darwin]

  '@alibaba-group/ocr-darwin-x64@1.11.1':
    resolution: {integrity: sha512-/fxA4vqGPOvxIKlVw6GAybh+2HkPe958BIBYdB8qyCWcw65XDQJPh2hy705ahmUdePTzPD445wDQ0l8bh6ZFPA==}
    cpu: [x64]
    os: [darwin]

  '@alibaba-group/ocr-linux-arm64@1.11.1':
    resolution: {integrity: sha512-ALr4vSzAGWvLYlK/0IuEa1fvuBLN/yImXMz7E3j4omiA/I2SIj/BFjahdjCLFud59uzlsUpCPZp5cuFUCLtFTg==}
    cpu: [arm64]
    os: [linux]

  '@alibaba-group/ocr-linux-x64@1.11.1':
    resolution: {integrity: sha512-zB9jgruDJILyAOjMszGh0qtul98f0DopP2apxxcd/7Oo+7quziojvSiUrpNQmKfkJQuoA1cUNNIVC3tFtmdYpw==}
    cpu: [x64]
    os: [linux]

  '@alibaba-group/ocr-win32-arm64@1.11.1':
    resolution: {integrity: sha512-JVjbjfdOgUSGR45MPlHgTiEEXc6G0xJwL3wVY8S8Hu35xWLo4br0hapYIBztLUMipW6SvETIcQePMYx0DFzhNQ==}
    cpu: [arm64]
    os: [win32]

  '@alibaba-group/ocr-win32-x64@1.11.1':
    resolution: {integrity: sha512-QrIU986ICMltAt18WM9GRpm7tkCBrkj1MqSc9j2BcoZmcz4VU1I9BeDG9b0Ui/gbOwDHwuj+dV6K7CJSNSXhfA==}
    cpu: [x64]
    os: [win32]

  '@alibaba-group/open-code-review@1.11.1':
    resolution: {integrity: sha512-zjtUBSAfC6tCzGcgr30/33QvGKzEYiH/qMS0Nw2adztM3Q+E5cXpAEa+4PjqHWUrlxu0LugAxld3nAfrEM5TXw==}
    engines: {node: '>=14'}
    hasBin: true

snapshots:

  '@alibaba-group/ocr-darwin-arm64@1.11.1':
    optional: true

  '@alibaba-group/ocr-darwin-x64@1.11.1':
    optional: true

  '@alibaba-group/ocr-linux-arm64@1.11.1':
    optional: true

  '@alibaba-group/ocr-linux-x64@1.11.1':
    optional: true

  '@alibaba-group/ocr-win32-arm64@1.11.1':
    optional: true

  '@alibaba-group/ocr-win32-x64@1.11.1':
    optional: true

  '@alibaba-group/open-code-review@1.11.1':
    optionalDependencies:
      '@alibaba-group/ocr-darwin-arm64': 1.11.1
      '@alibaba-group/ocr-darwin-x64': 1.11.1
      '@alibaba-group/ocr-linux-arm64': 1.11.1
      '@alibaba-group/ocr-linux-x64': 1.11.1
      '@alibaba-group/ocr-win32-arm64': 1.11.1
      '@alibaba-group/ocr-win32-x64': 1.11.1
